
Microsoft Visual Studio Solution File, Format Version 12.00
# Visual Studio 15
VisualStudioVersion = 15.0.28010.2046
MinimumVisualStudioVersion = 10.0.40219.1
Project("{FAE04EC0-301F-11D3-BF4B-00C04F79EFBC}") = "WpfEsercizioNatale2", "WpfEsercizioNatale2\WpfEsercizioNatale2.csproj", "{FB26F1DE-5926-41D3-BCFD-33AAA69C94CA}"
EndProject
Global
	GlobalSection(SolutionConfigurationPlatforms) = preSolution
		Debug|Any CPU = Debug|Any CPU
		Release|Any CPU = Release|Any CPU
	EndGlobalSection
	GlobalSection(ProjectConfigurationPlatforms) = postSolution
		{FB26F1DE-5926-41D3-BCFD-33AAA69C94CA}.Debug|Any CPU.ActiveCfg = Debug|Any CPU
		{FB26F1DE-5926-41D3-BCFD-33AAA69C94CA}.Debug|Any CPU.Build.0 = Debug|Any CPU
		{FB26F1DE-5926-41D3-BCFD-33AAA69C94CA}.Release|Any CPU.ActiveCfg = Release|Any CPU
		{FB26F1DE-5926-41D3-BCFD-33AAA69C94CA}.Release|Any CPU.Build.0 = Release|Any CPU
	EndGlobalSection
	GlobalSection(SolutionProperties) = preSolution
		HideSolutionNode = FALSE
	EndGlobalSection
	GlobalSection(ExtensibilityGlobals) = postSolution
		SolutionGuid = {84129733-A0EB-4509-9D59-12C80C5E173E}
	EndGlobalSection
EndGlobal
